
Microsoft Visual Studio Solution File, Format Version 12.00
# Visual Studio Version 17
VisualStudioVersion = 17.1.32407.343
MinimumVisualStudioVersion = 10.0.40219.1
Project("{9A19103F-16F7-4668-BE54-9A1E7A4F7556}") = "FEZRepacker.Core", "Core\FEZRepacker.Core.csproj", "{B0186A91-03B6-4E71-8A4A-547CCAAA1300}"
EndProject
Project("{9A19103F-16F7-4668-BE54-9A1E7A4F7556}") = "FEZRepacker.Interface", "Interface\FEZRepacker.Interface.csproj", "{390DE9FA-4CE4-42BA-871B-064A3C5027B6}"
EndProject
Project("{2150E333-8FDC-42A3-9474-1A3956D46DE8}") = "Solution Items", "Solution Items", "{14BA18E6-0546-4326-B548-B44F64C2C627}"
	ProjectSection(SolutionItems) = preProject
		.editorconfig = .editorconfig
	EndProjectSection
EndProject
Project("{9A19103F-16F7-4668-BE54-9A1E7A4F7556}") = "FEZRepacker.Tests", "Tests\FEZRepacker.Tests.csproj", "{5A131157-3B7A-4C41-9397-EFEED5F2FA66}"
EndProject
Global
	GlobalSection(SolutionConfigurationPlatforms) = preSolution
		Debug|Any CPU = Debug|Any CPU
		Release|Any CPU = Release|Any CPU
		ReleaseCore|Any CPU = ReleaseCore|Any CPU
	EndGlobalSection
	GlobalSection(ProjectConfigurationPlatforms) = postSolution
		{B0186A91-03B6-4E71-8A4A-547CCAAA1300}.Debug|Any CPU.ActiveCfg = Debug|Any CPU
		{B0186A91-03B6-4E71-8A4A-547CCAAA1300}.Debug|Any CPU.Build.0 = Debug|Any CPU
		{B0186A91-03B6-4E71-8A4A-547CCAAA1300}.Release|Any CPU.ActiveCfg = ReleaseRaw|Any CPU
		{B0186A91-03B6-4E71-8A4A-547CCAAA1300}.Release|Any CPU.Build.0 = ReleaseRaw|Any CPU
		{B0186A91-03B6-4E71-8A4A-547CCAAA1300}.ReleaseCore|Any CPU.ActiveCfg = Release|Any CPU
		{B0186A91-03B6-4E71-8A4A-547CCAAA1300}.ReleaseCore|Any CPU.Build.0 = Release|Any CPU
		{390DE9FA-4CE4-42BA-871B-064A3C5027B6}.Debug|Any CPU.ActiveCfg = Debug|Any CPU
		{390DE9FA-4CE4-42BA-871B-064A3C5027B6}.Debug|Any CPU.Build.0 = Debug|Any CPU
		{390DE9FA-4CE4-42BA-871B-064A3C5027B6}.Release|Any CPU.ActiveCfg = Release|Any CPU
		{390DE9FA-4CE4-42BA-871B-064A3C5027B6}.Release|Any CPU.Build.0 = Release|Any CPU
		{390DE9FA-4CE4-42BA-871B-064A3C5027B6}.ReleaseCore|Any CPU.ActiveCfg = Release|Any CPU
		{5A131157-3B7A-4C41-9397-EFEED5F2FA66}.Debug|Any CPU.ActiveCfg = Debug|Any CPU
		{5A131157-3B7A-4C41-9397-EFEED5F2FA66}.Debug|Any CPU.Build.0 = Debug|Any CPU
		{5A131157-3B7A-4C41-9397-EFEED5F2FA66}.Release|Any CPU.ActiveCfg = Release|Any CPU
		{5A131157-3B7A-4C41-9397-EFEED5F2FA66}.Release|Any CPU.Build.0 = Release|Any CPU
		{5A131157-3B7A-4C41-9397-EFEED5F2FA66}.ReleaseCore|Any CPU.ActiveCfg = Release|Any CPU
	EndGlobalSection
	GlobalSection(SolutionProperties) = preSolution
		HideSolutionNode = FALSE
	EndGlobalSection
	GlobalSection(ExtensibilityGlobals) = postSolution
		SolutionGuid = {B9818649-66F5-477E-B7FF-3AADD90AFC07}
	EndGlobalSection
EndGlobal
